<?xml version="1.0" encoding="utf-8"?>
<Project ToolsVersion="4.0" xmlns="http://schemas.microsoft.com/developer/msbuild/2003">
  <ItemGroup>
    <Filter Include="Source Files">
      <UniqueIdentifier>{4FC737F1-C7A5-4376-A066-2A32D752A2FF}</UniqueIdentifier>
      <Extensions>cpp;c;cc;cxx;def;odl;idl;hpj;bat;asm;asmx</Extensions>
    </Filter>
    <Filter Include="Resource Files">
      <UniqueIdentifier>{67DA6AB6-F800-4c08-8B7A-83BB121AAD01}</UniqueIdentifier>
      <Extensions>rc;ico;cur;bmp;dlg;rc2;rct;bin;rgs;gif;jpg;jpeg;jpe;resx;tiff;tif;png;wav;mfcribbon-ms</Extensions>
    </Filter>
    <Filter Include="Header Files">
      <UniqueIdentifier>{93995380-89BD-4b04-88EB-625FBE52EBFB}</UniqueIdentifier>
      <Extensions>h;hh;hpp;hxx;hm;inl;inc;ipp;xsd</Extensions>
    </Filter>
    <Filter Include="Source Files\Scenes">
      <UniqueIdentifier>{88478395-14a9-4f5f-baeb-459f71dcd158}</UniqueIdentifier>
    </Filter>
    <Filter Include="Source Files\Data">
      <UniqueIdentifier>{96252942-0ee3-4c8c-bbff-46fd7c62adab}</UniqueIdentifier>
    </Filter>
    <Filter Include="Source Files\Data\BubbleBobbleDataReading">
      <UniqueIdentifier>{ee563739-120f-463d-ba02-ffb4a13049fc}</UniqueIdentifier>
    </Filter>
    <Filter Include="Source Files\Commands">
      <UniqueIdentifier>{d9752805-9b79-41a8-9609-d5877b55dfb8}</UniqueIdentifier>
    </Filter>
    <Filter Include="Source Files\Observers">
      <UniqueIdentifier>{2e7bf8aa-219c-4731-8fb1-eaf24b703e1e}</UniqueIdentifier>
    </Filter>
    <Filter Include="Source Files\States">
      <UniqueIdentifier>{0975dc69-03da-407a-b96c-bf0ad58af34c}</UniqueIdentifier>
    </Filter>
    <Filter Include="Source Files\Audio">
      <UniqueIdentifier>{34a73bb9-1923-4663-8374-c78d576f829b}</UniqueIdentifier>
    </Filter>
  </ItemGroup>
  <ItemGroup>
    <ClCompile Include="Main.cpp">
      <Filter>Source Files</Filter>
    </ClCompile>
    <ClCompile Include="Scene1.cpp">
      <Filter>Source Files\Scenes</Filter>
    </ClCompile>
    <ClCompile Include="SceneLoader.cpp">
      <Filter>Source Files\Scenes</Filter>
    </ClCompile>
    <ClCompile Include="LevelScene.cpp">
      <Filter>Source Files\Scenes</Filter>
    </ClCompile>
    <ClCompile Include="Commands.cpp">
      <Filter>Source Files\Commands</Filter>
    </ClCompile>
    <ClCompile Include="Observers.cpp">
      <Filter>Source Files\Observers</Filter>
    </ClCompile>
    <ClCompile Include="States.cpp">
      <Filter>Source Files\States</Filter>
    </ClCompile>
    <ClCompile Include="BubbleBobbleDataReader.cpp">
      <Filter>Source Files\Data\BubbleBobbleDataReading</Filter>
    </ClCompile>
    <ClCompile Include="BubbleBobbleAudio.cpp">
      <Filter>Source Files\Audio</Filter>
    </ClCompile>
  </ItemGroup>
  <ItemGroup>
    <ClInclude Include="Scene1.h">
      <Filter>Source Files\Scenes</Filter>
    </ClInclude>
    <ClInclude Include="Scenes.h">
      <Filter>Source Files\Scenes</Filter>
    </ClInclude>
    <ClInclude Include="SceneLoader.h">
      <Filter>Source Files\Scenes</Filter>
    </ClInclude>
    <ClInclude Include="BubbleBobbleData.h">
      <Filter>Source Files\Data</Filter>
    </ClInclude>
    <ClInclude Include="LevelScene.h">
      <Filter>Source Files\Scenes</Filter>
    </ClInclude>
    <ClInclude Include="Commands.h">
      <Filter>Source Files\Commands</Filter>
    </ClInclude>
    <ClInclude Include="Observers.h">
      <Filter>Source Files\Observers</Filter>
    </ClInclude>
    <ClInclude Include="States.h">
      <Filter>Source Files\States</Filter>
    </ClInclude>
    <ClInclude Include="BubbleBobbleDataReader.h">
      <Filter>Source Files\Data\BubbleBobbleDataReading</Filter>
    </ClInclude>
    <ClInclude Include="BubbleBobbleAudio.h">
      <Filter>Source Files\Audio</Filter>
    </ClInclude>
  </ItemGroup>
</Project>