<?xml version="1.0" encoding="utf-8"?>
<Project ToolsVersion="4.0" xmlns="http://schemas.microsoft.com/developer/msbuild/2003">
  <ItemGroup>
    <ClCompile Include="CodePainPCH.cpp">
      <Filter>Resources</Filter>
    </ClCompile>
    <ClCompile Include="SceneManager.cpp">
      <Filter>Resources\SceneGraph</Filter>
    </ClCompile>
    <ClCompile Include="Scene.cpp">
      <Filter>Resources\SceneGraph</Filter>
    </ClCompile>
    <ClCompile Include="Renderer.cpp">
      <Filter>Resources\Graphics</Filter>
    </ClCompile>
    <ClCompile Include="Texture2D.cpp">
      <Filter>Resources\Components</Filter>
    </ClCompile>
    <ClCompile Include="Transform.cpp">
      <Filter>Resources\Components</Filter>
    </ClCompile>
    <ClCompile Include="ResourceManager.cpp">
      <Filter>Resources\Context</Filter>
    </ClCompile>
    <ClCompile Include="GameObject.cpp">
      <Filter>Resources\SceneGraph\Objects</Filter>
    </ClCompile>
    <ClCompile Include="Text.cpp">
      <Filter>Resources\Components</Filter>
    </ClCompile>
    <ClCompile Include="FrameRate.cpp">
      <Filter>Resources\Components</Filter>
    </ClCompile>
    <ClCompile Include="Font.cpp">
      <Filter>Resources\Graphics</Filter>
    </ClCompile>
    <ClCompile Include="Imgui_Sdl\imgui_sdl.cpp">
      <Filter>Resources\ImGuiSDL</Filter>
    </ClCompile>
    <ClCompile Include="Imgui\imgui.cpp">
      <Filter>Resources\ImGui</Filter>
    </ClCompile>
    <ClCompile Include="Imgui\imgui_demo.cpp">
      <Filter>Resources\ImGui</Filter>
    </ClCompile>
    <ClCompile Include="Imgui\imgui_draw.cpp">
      <Filter>Resources\ImGui</Filter>
    </ClCompile>
    <ClCompile Include="Imgui\imgui_widgets.cpp">
      <Filter>Resources\ImGui</Filter>
    </ClCompile>
    <ClCompile Include="Imgui_Sdl\imgui_impl_sdl.cpp">
      <Filter>Resources\ImGuiSDL</Filter>
    </ClCompile>
    <ClCompile Include="Logger.cpp">
      <Filter>Resources\Diagnostics</Filter>
    </ClCompile>
    <ClCompile Include="CodePain.cpp">
      <Filter>Resources</Filter>
    </ClCompile>
    <ClCompile Include="CollisionBox.cpp">
      <Filter>Resources\Components</Filter>
    </ClCompile>
    <ClCompile Include="ColorRect2D.cpp">
      <Filter>Resources\Components</Filter>
    </ClCompile>
    <ClCompile Include="BaseComponent.cpp">
      <Filter>Resources\Components</Filter>
    </ClCompile>
    <ClCompile Include="RigidBody.cpp">
      <Filter>Resources\Components</Filter>
    </ClCompile>
    <ClCompile Include="InputManager.cpp">
      <Filter>Resources\Input</Filter>
    </ClCompile>
    <ClCompile Include="InputHandler.cpp">
      <Filter>Resources\Input</Filter>
    </ClCompile>
    <ClCompile Include="SpriteComponent.cpp">
      <Filter>Resources\Components</Filter>
    </ClCompile>
  </ItemGroup>
  <ItemGroup>
    <ClInclude Include="CodePainPCH.h">
      <Filter>Resources</Filter>
    </ClInclude>
    <ClInclude Include="SceneManager.h">
      <Filter>Resources\SceneGraph</Filter>
    </ClInclude>
    <ClInclude Include="Scene.h">
      <Filter>Resources\SceneGraph</Filter>
    </ClInclude>
    <ClInclude Include="Renderer.h">
      <Filter>Resources\Graphics</Filter>
    </ClInclude>
    <ClInclude Include="Singleton.h">
      <Filter>Resources\Helpers</Filter>
    </ClInclude>
    <ClInclude Include="Texture2D.h">
      <Filter>Resources\Components</Filter>
    </ClInclude>
    <ClInclude Include="Transform.h">
      <Filter>Resources\Components</Filter>
    </ClInclude>
    <ClInclude Include="ResourceManager.h">
      <Filter>Resources\Context</Filter>
    </ClInclude>
    <ClInclude Include="BaseComponent.h">
      <Filter>Resources\Components</Filter>
    </ClInclude>
    <ClInclude Include="Components.h">
      <Filter>Resources\Components</Filter>
    </ClInclude>
    <ClInclude Include="GameObject.h">
      <Filter>Resources\SceneGraph\Objects</Filter>
    </ClInclude>
    <ClInclude Include="Text.h">
      <Filter>Resources\Components</Filter>
    </ClInclude>
    <ClInclude Include="FrameRate.h">
      <Filter>Resources\Components</Filter>
    </ClInclude>
    <ClInclude Include="Font.h">
      <Filter>Resources\Graphics</Filter>
    </ClInclude>
    <ClInclude Include="Imgui_Sdl\imgui_sdl.h">
      <Filter>Resources\ImGuiSDL</Filter>
    </ClInclude>
    <ClInclude Include="Imgui\imconfig.h">
      <Filter>Resources\ImGui</Filter>
    </ClInclude>
    <ClInclude Include="Imgui\imgui.h">
      <Filter>Resources\ImGui</Filter>
    </ClInclude>
    <ClInclude Include="Imgui\imgui_internal.h">
      <Filter>Resources\ImGui</Filter>
    </ClInclude>
    <ClInclude Include="Imgui\imstb_rectpack.h">
      <Filter>Resources\ImGui</Filter>
    </ClInclude>
    <ClInclude Include="Imgui\imstb_textedit.h">
      <Filter>Resources\ImGui</Filter>
    </ClInclude>
    <ClInclude Include="Imgui\imstb_truetype.h">
      <Filter>Resources\ImGui</Filter>
    </ClInclude>
    <ClInclude Include="Imgui_Sdl\imgui_impl_sdl.h">
      <Filter>Resources\ImGuiSDL</Filter>
    </ClInclude>
    <ClInclude Include="BinaryReaderWriter.h">
      <Filter>Resources\Helpers</Filter>
    </ClInclude>
    <ClInclude Include="Logger.h">
      <Filter>Resources\Diagnostics</Filter>
    </ClInclude>
    <ClInclude Include="CodePain.h">
      <Filter>Resources</Filter>
    </ClInclude>
    <ClInclude Include="CollisionBox.h">
      <Filter>Resources\Components</Filter>
    </ClInclude>
    <ClInclude Include="ColorRect2D.h">
      <Filter>Resources\Components</Filter>
    </ClInclude>
    <ClInclude Include="RigidBody.h">
      <Filter>Resources\Components</Filter>
    </ClInclude>
    <ClInclude Include="InputManager.h">
      <Filter>Resources\Input</Filter>
    </ClInclude>
    <ClInclude Include="InputHandler.h">
      <Filter>Resources\Input</Filter>
    </ClInclude>
    <ClInclude Include="InputCommand.h">
      <Filter>Resources\Input</Filter>
    </ClInclude>
    <ClInclude Include="SpriteComponent.h">
      <Filter>Resources\Components</Filter>
    </ClInclude>
    <ClInclude Include="Observer.h">
      <Filter>Resources\Observer</Filter>
    </ClInclude>
    <ClInclude Include="State.h">
      <Filter>Resources\State</Filter>
    </ClInclude>
  </ItemGroup>
  <ItemGroup>
    <Filter Include="Resources">
      <UniqueIdentifier>{19b40ec9-355f-4d0d-8500-e5983c51c35f}</UniqueIdentifier>
    </Filter>
    <Filter Include="Resources\Graphics">
      <UniqueIdentifier>{5d4d9538-bb36-47f7-a1aa-65f77e200c7e}</UniqueIdentifier>
    </Filter>
    <Filter Include="Resources\Components">
      <UniqueIdentifier>{d3387c6c-68f9-4173-99b8-f68fe2a83440}</UniqueIdentifier>
    </Filter>
    <Filter Include="Resources\Context">
      <UniqueIdentifier>{3416675c-7f1c-48d0-920b-f4cbe7fbad0f}</UniqueIdentifier>
    </Filter>
    <Filter Include="Resources\Diagnostics">
      <UniqueIdentifier>{eddfc8ca-517b-4c82-be10-7168fe5f943b}</UniqueIdentifier>
    </Filter>
    <Filter Include="Resources\SceneGraph">
      <UniqueIdentifier>{3aba5d30-4755-47bd-a7d0-a9ce33d024ef}</UniqueIdentifier>
    </Filter>
    <Filter Include="Resources\Helpers">
      <UniqueIdentifier>{5ace4049-4e26-495b-9fd4-a1c1897eb67a}</UniqueIdentifier>
    </Filter>
    <Filter Include="Resources\SceneGraph\Objects">
      <UniqueIdentifier>{2841deac-2430-47fe-8387-a019b0759a6f}</UniqueIdentifier>
    </Filter>
    <Filter Include="Resources\ImGui">
      <UniqueIdentifier>{a889e54b-c0be-42a2-9ce5-1ae0488894b0}</UniqueIdentifier>
    </Filter>
    <Filter Include="Resources\ImGuiSDL">
      <UniqueIdentifier>{28ca7431-8df1-49ab-9426-c696779d6fd6}</UniqueIdentifier>
    </Filter>
    <Filter Include="Resources\Input">
      <UniqueIdentifier>{eed13ea9-b6d7-4900-ac8f-02f145bc2a1d}</UniqueIdentifier>
    </Filter>
    <Filter Include="Resources\Observer">
      <UniqueIdentifier>{8587925f-091b-4652-8a2e-ef51ff506004}</UniqueIdentifier>
    </Filter>
    <Filter Include="Resources\State">
      <UniqueIdentifier>{a08cd401-ddae-4ae5-b4c5-e55a68238dbb}</UniqueIdentifier>
    </Filter>
  </ItemGroup>
</Project>